
Microsoft Visual Studio Solution File, Format Version 12.00
# Visual Studio 14
VisualStudioVersion = 14.0.25420.1
MinimumVisualStudioVersion = 10.0.40219.1
Project("{FAE04EC0-301F-11D3-BF4B-00C04F79EFBC}") = "XtendableExports.Web", "XtendableExports.web\XtendableExports.Web.csproj", "{3FD930B8-EC98-4519-B249-91C26484B3E1}"
EndProject
Project("{FAE04EC0-301F-11D3-BF4B-00C04F79EFBC}") = "XTendableExports", "XTendableExports\XTendableExports.csproj", "{2EF6F3E6-493C-46DB-B7A1-733CFFDBF438}"
EndProject
Project("{FAE04EC0-301F-11D3-BF4B-00C04F79EFBC}") = "XTendableExports.Data", "XTendableExports.data\XTendableExports.Data.csproj", "{3D8507E9-5AFE-45CF-8EB6-B78072933D26}"
EndProject
Project("{FAE04EC0-301F-11D3-BF4B-00C04F79EFBC}") = "XtendableExports.Services", "XtendableExports.services\XtendableExports.Services.csproj", "{4F0784FD-E3CC-400A-AA07-04414BDC5D2D}"
EndProject
Project("{FAE04EC0-301F-11D3-BF4B-00C04F79EFBC}") = "XtendableExports.Tests", "XtendableExports.Tests\XtendableExports.Tests.csproj", "{CC27478B-E304-4356-92D0-0C98B1111041}"
EndProject
Global
	GlobalSection(SolutionConfigurationPlatforms) = preSolution
		Debug|Any CPU = Debug|Any CPU
		Release|Any CPU = Release|Any CPU
	EndGlobalSection
	GlobalSection(ProjectConfigurationPlatforms) = postSolution
		{3FD930B8-EC98-4519-B249-91C26484B3E1}.Debug|Any CPU.ActiveCfg = Debug|Any CPU
		{3FD930B8-EC98-4519-B249-91C26484B3E1}.Debug|Any CPU.Build.0 = Debug|Any CPU
		{3FD930B8-EC98-4519-B249-91C26484B3E1}.Release|Any CPU.ActiveCfg = Release|Any CPU
		{3FD930B8-EC98-4519-B249-91C26484B3E1}.Release|Any CPU.Build.0 = Release|Any CPU
		{2EF6F3E6-493C-46DB-B7A1-733CFFDBF438}.Debug|Any CPU.ActiveCfg = Debug|Any CPU
		{2EF6F3E6-493C-46DB-B7A1-733CFFDBF438}.Debug|Any CPU.Build.0 = Debug|Any CPU
		{2EF6F3E6-493C-46DB-B7A1-733CFFDBF438}.Release|Any CPU.ActiveCfg = Release|Any CPU
		{2EF6F3E6-493C-46DB-B7A1-733CFFDBF438}.Release|Any CPU.Build.0 = Release|Any CPU
		{3D8507E9-5AFE-45CF-8EB6-B78072933D26}.Debug|Any CPU.ActiveCfg = Debug|Any CPU
		{3D8507E9-5AFE-45CF-8EB6-B78072933D26}.Debug|Any CPU.Build.0 = Debug|Any CPU
		{3D8507E9-5AFE-45CF-8EB6-B78072933D26}.Release|Any CPU.ActiveCfg = Release|Any CPU
		{3D8507E9-5AFE-45CF-8EB6-B78072933D26}.Release|Any CPU.Build.0 = Release|Any CPU
		{4F0784FD-E3CC-400A-AA07-04414BDC5D2D}.Debug|Any CPU.ActiveCfg = Debug|Any CPU
		{4F0784FD-E3CC-400A-AA07-04414BDC5D2D}.Debug|Any CPU.Build.0 = Debug|Any CPU
		{4F0784FD-E3CC-400A-AA07-04414BDC5D2D}.Release|Any CPU.ActiveCfg = Release|Any CPU
		{4F0784FD-E3CC-400A-AA07-04414BDC5D2D}.Release|Any CPU.Build.0 = Release|Any CPU
		{CC27478B-E304-4356-92D0-0C98B1111041}.Debug|Any CPU.ActiveCfg = Debug|Any CPU
		{CC27478B-E304-4356-92D0-0C98B1111041}.Debug|Any CPU.Build.0 = Debug|Any CPU
		{CC27478B-E304-4356-92D0-0C98B1111041}.Release|Any CPU.ActiveCfg = Release|Any CPU
		{CC27478B-E304-4356-92D0-0C98B1111041}.Release|Any CPU.Build.0 = Release|Any CPU
	EndGlobalSection
	GlobalSection(SolutionProperties) = preSolution
		HideSolutionNode = FALSE
	EndGlobalSection
EndGlobal
